
Microsoft Visual Studio Solution File, Format Version 12.00
# Visual Studio Version 17
VisualStudioVersion = 17.0.31912.275
MinimumVisualStudioVersion = 10.0.40219.1
Project("{FAE04EC0-301F-11D3-BF4B-00C04F79EFBC}") = "ShoppingList", "ShoppingList\ShoppingList.csproj", "{3FFCA551-265E-4B2C-B223-072DB71B8AF3}"
EndProject
Global
	GlobalSection(SolutionConfigurationPlatforms) = preSolution
		Debug|Any CPU = Debug|Any CPU
		Release|Any CPU = Release|Any CPU
	EndGlobalSection
	GlobalSection(ProjectConfigurationPlatforms) = postSolution
		{3FFCA551-265E-4B2C-B223-072DB71B8AF3}.Debug|Any CPU.ActiveCfg = Debug|Any CPU
		{3FFCA551-265E-4B2C-B223-072DB71B8AF3}.Debug|Any CPU.Build.0 = Debug|Any CPU
		{3FFCA551-265E-4B2C-B223-072DB71B8AF3}.Release|Any CPU.ActiveCfg = Release|Any CPU
		{3FFCA551-265E-4B2C-B223-072DB71B8AF3}.Release|Any CPU.Build.0 = Release|Any CPU
	EndGlobalSection
	GlobalSection(SolutionProperties) = preSolution
		HideSolutionNode = FALSE
	EndGlobalSection
	GlobalSection(ExtensibilityGlobals) = postSolution
		SolutionGuid = {6FB2E4E4-C433-4FA7-9EAD-B6A81C23B1CA}
	EndGlobalSection
EndGlobal
